// !$*UTF8*$!
{
	archiveVersion = 1;
	classes = {
	};
	objectVersion = 46;
	objects = {

/* Begin PBXBuildFile section */
		753EED6A1B0D0D1600DAD16B /* AppDelegate.swift in Sources */ = {isa = PBXBuildFile; fileRef = 753EED691B0D0D1600DAD16B /* AppDelegate.swift */; };
		753EED6C1B0D0D1600DAD16B /* ViewController.swift in Sources */ = {isa = PBXBuildFile; fileRef = 753EED6B1B0D0D1600DAD16B /* ViewController.swift */; };
		753EED6F1B0D0D1600DAD16B /* Main.storyboard in Resources */ = {isa = PBXBuildFile; fileRef = 753EED6D1B0D0D1600DAD16B /* Main.storyboard */; };
		753EED711B0D0D1600DAD16B /* Images.xcassets in Resources */ = {isa = PBXBuildFile; fileRef = 753EED701B0D0D1600DAD16B /* Images.xcassets */; };
		753EED741B0D0D1600DAD16B /* LaunchScreen.xib in Resources */ = {isa = PBXBuildFile; fileRef = 753EED721B0D0D1600DAD16B /* LaunchScreen.xib */; };
		753EED801B0D0D1600DAD16B /* webApi3Tests.swift in Sources */ = {isa = PBXBuildFile; fileRef = 753EED7F1B0D0D1600DAD16B /* webApi3Tests.swift */; };
		755C5DC71B0EC4A400C8E335 /* Parking.swift in Sources */ = {isa = PBXBuildFile; fileRef = 755C5DC61B0EC4A400C8E335 /* Parking.swift */; };
		755C5DC91B0EF17300C8E335 /* Localization.swift in Sources */ = {isa = PBXBuildFile; fileRef = 755C5DC81B0EF17300C8E335 /* Localization.swift */; };
		75DBE7A81B10ECA4009E8050 /* Parser.swift in Sources */ = {isa = PBXBuildFile; fileRef = 75DBE7A71B10ECA4009E8050 /* Parser.swift */; };
		9E50C09CB60B465AFF884DEE /* Pods.framework in Frameworks */ = {isa = PBXBuildFile; fileRef = 66A3DAA9CC91A29706A529A3 /* Pods.framework */; settings = {ATTRIBUTES = (Weak, ); }; };
/* End PBXBuildFile section */

/* Begin PBXContainerItemProxy section */
		753EED7A1B0D0D1600DAD16B /* PBXContainerItemProxy */ = {
			isa = PBXContainerItemProxy;
			containerPortal = 753EED5C1B0D0D1600DAD16B /* Project object */;
			proxyType = 1;
			remoteGlobalIDString = 753EED631B0D0D1600DAD16B;
			remoteInfo = webApi3;
		};
/* End PBXContainerItemProxy section */

/* Begin PBXFileReference section */
		6610C51217EB47EAB86247DA /* Pods.debug.xcconfig */ = {isa = PBXFileReference; includeInIndex = 1; lastKnownFileType = text.xcconfig; name = Pods.debug.xcconfig; path = "Pods/Target Support Files/Pods/Pods.debug.xcconfig"; sourceTree = "<group>"; };
		66A3DAA9CC91A29706A529A3 /* Pods.framework */ = {isa = PBXFileReference; explicitFileType = wrapper.framework; includeInIndex = 0; path = Pods.framework; sourceTree = BUILT_PRODUCTS_DIR; };
		753EED641B0D0D1600DAD16B /* webApi3.app */ = {isa = PBXFileReference; explicitFileType = wrapper.application; includeInIndex = 0; path = webApi3.app; sourceTree = BUILT_PRODUCTS_DIR; };
		753EED681B0D0D1600DAD16B /* Info.plist */ = {isa = PBXFileReference; lastKnownFileType = text.plist.xml; path = Info.plist; sourceTree = "<group>"; };
		753EED691B0D0D1600DAD16B /* AppDelegate.swift */ = {isa = PBXFileReference; lastKnownFileType = sourcecode.swift; path = AppDelegate.swift; sourceTree = "<group>"; };
		753EED6B1B0D0D1600DAD16B /* ViewController.swift */ = {isa = PBXFileReference; lastKnownFileType = sourcecode.swift; path = ViewController.swift; sourceTree = "<group>"; };
		753EED6E1B0D0D1600DAD16B /* Base */ = {isa = PBXFileReference; lastKnownFileType = file.storyboard; name = Base; path = Base.lproj/Main.storyboard; sourceTree = "<group>"; };
		753EED701B0D0D1600DAD16B /* Images.xcassets */ = {isa = PBXFileReference; lastKnownFileType = folder.assetcatalog; path = Images.xcassets; sourceTree = "<group>"; };
		753EED731B0D0D1600DAD16B /* Base */ = {isa = PBXFileReference; lastKnownFileType = file.xib; name = Base; path = Base.lproj/LaunchScreen.xib; sourceTree = "<group>"; };
		753EED791B0D0D1600DAD16B /* webApi3Tests.xctest */ = {isa = PBXFileReference; explicitFileType = wrapper.cfbundle; includeInIndex = 0; path = webApi3Tests.xctest; sourceTree = BUILT_PRODUCTS_DIR; };
		753EED7E1B0D0D1600DAD16B /* Info.plist */ = {isa = PBXFileReference; lastKnownFileType = text.plist.xml; path = Info.plist; sourceTree = "<group>"; };
		753EED7F1B0D0D1600DAD16B /* webApi3Tests.swift */ = {isa = PBXFileReference; lastKnownFileType = sourcecode.swift; path = webApi3Tests.swift; sourceTree = "<group>"; };
		755C5DC61B0EC4A400C8E335 /* Parking.swift */ = {isa = PBXFileReference; fileEncoding = 4; lastKnownFileType = sourcecode.swift; path = Parking.swift; sourceTree = "<group>"; };
		755C5DC81B0EF17300C8E335 /* Localization.swift */ = {isa = PBXFileReference; fileEncoding = 4; lastKnownFileType = sourcecode.swift; path = Localization.swift; sourceTree = "<group>"; };
		75DBE7A71B10ECA4009E8050 /* Parser.swift */ = {isa = PBXFileReference; fileEncoding = 4; lastKnownFileType = sourcecode.swift; path = Parser.swift; sourceTree = "<group>"; };
		BB7DEA554533576243BA3CC3 /* Pods.release.xcconfig */ = {isa = PBXFileReference; includeInIndex = 1; lastKnownFileType = text.xcconfig; name = Pods.release.xcconfig; path = "Pods/Target Support Files/Pods/Pods.release.xcconfig"; sourceTree = "<group>"; };
/* End PBXFileReference section */

/* Begin PBXFrameworksBuildPhase section */
		753EED611B0D0D1600DAD16B /* Frameworks */ = {
			isa = PBXFrameworksBuildPhase;
			buildActionMask = 2147483647;
			files = (
				9E50C09CB60B465AFF884DEE /* Pods.framework in Frameworks */,
			);
			runOnlyForDeploymentPostprocessing = 0;
		};
		753EED761B0D0D1600DAD16B /* Frameworks */ = {
			isa = PBXFrameworksBuildPhase;
			buildActionMask = 2147483647;
			files = (
			);
			runOnlyForDeploymentPostprocessing = 0;
		};
/* End PBXFrameworksBuildPhase section */

/* Begin PBXGroup section */
		753EED5B1B0D0D1600DAD16B = {
			isa = PBXGroup;
			children = (
				753EED661B0D0D1600DAD16B /* webApi3 */,
				753EED7C1B0D0D1600DAD16B /* webApi3Tests */,
				753EED651B0D0D1600DAD16B /* Products */,
				EBA2F54A2D1EE5B2D8239ACC /* Pods */,
				C23C04E6682D72003D3A055D /* Frameworks */,
			);
			sourceTree = "<group>";
		};
		753EED651B0D0D1600DAD16B /* Products */ = {
			isa = PBXGroup;
			children = (
				753EED641B0D0D1600DAD16B /* webApi3.app */,
				753EED791B0D0D1600DAD16B /* webApi3Tests.xctest */,
			);
			name = Products;
			sourceTree = "<group>";
		};
		753EED661B0D0D1600DAD16B /* webApi3 */ = {
			isa = PBXGroup;
			children = (
				75DBE7A61B10EC81009E8050 /* Utility */,
				755C5DC51B0EC45400C8E335 /* models */,
				753EED691B0D0D1600DAD16B /* AppDelegate.swift */,
				753EED6B1B0D0D1600DAD16B /* ViewController.swift */,
				753EED6D1B0D0D1600DAD16B /* Main.storyboard */,
				753EED701B0D0D1600DAD16B /* Images.xcassets */,
				753EED721B0D0D1600DAD16B /* LaunchScreen.xib */,
				753EED671B0D0D1600DAD16B /* Supporting Files */,
			);
			path = webApi3;
			sourceTree = "<group>";
		};
		753EED671B0D0D1600DAD16B /* Supporting Files */ = {
			isa = PBXGroup;
			children = (
				753EED681B0D0D1600DAD16B /* Info.plist */,
			);
			name = "Supporting Files";
			sourceTree = "<group>";
		};
		753EED7C1B0D0D1600DAD16B /* webApi3Tests */ = {
			isa = PBXGroup;
			children = (
				753EED7F1B0D0D1600DAD16B /* webApi3Tests.swift */,
				753EED7D1B0D0D1600DAD16B /* Supporting Files */,
			);
			path = webApi3Tests;
			sourceTree = "<group>";
		};
		753EED7D1B0D0D1600DAD16B /* Supporting Files */ = {
			isa = PBXGroup;
			children = (
				753EED7E1B0D0D1600DAD16B /* Info.plist */,
			);
			name = "Supporting Files";
			sourceTree = "<group>";
		};
		755C5DC51B0EC45400C8E335 /* models */ = {
			isa = PBXGroup;
			children = (
				755C5DC61B0EC4A400C8E335 /* Parking.swift */,
				755C5DC81B0EF17300C8E335 /* Localization.swift */,
			);
			name = models;
			sourceTree = "<group>";
		};
		75DBE7A61B10EC81009E8050 /* Utility */ = {
			isa = PBXGroup;
			children = (
				75DBE7A71B10ECA4009E8050 /* Parser.swift */,
			);
			name = Utility;
			sourceTree = "<group>";
		};
		C23C04E6682D72003D3A055D /* Frameworks */ = {
			isa = PBXGroup;
			children = (
				66A3DAA9CC91A29706A529A3 /* Pods.framework */,
			);
			name = Frameworks;
			sourceTree = "<group>";
		};
		EBA2F54A2D1EE5B2D8239ACC /* Pods */ = {
			isa = PBXGroup;
			children = (
				6610C51217EB47EAB86247DA /* Pods.debug.xcconfig */,
				BB7DEA554533576243BA3CC3 /* Pods.release.xcconfig */,
			);
			name = Pods;
			sourceTree = "<group>";
		};
/* End PBXGroup section */

/* Begin PBXNativeTarget section */
		753EED631B0D0D1600DAD16B /* webApi3 */ = {
			isa = PBXNativeTarget;
			buildConfigurationList = 753EED831B0D0D1600DAD16B /* Build configuration list for PBXNativeTarget "webApi3" */;
			buildPhases = (
				3E08789FEB9C44A7C3A52FEC /* Check Pods Manifest.lock */,
				753EED601B0D0D1600DAD16B /* Sources */,
				753EED611B0D0D1600DAD16B /* Frameworks */,
				753EED621B0D0D1600DAD16B /* Resources */,
				994FE3E4DA494E92A8518123 /* Embed Pods Frameworks */,
				437BA9B6B4AFC7402D96B71D /* Copy Pods Resources */,
			);
			buildRules = (
			);
			dependencies = (
			);
			name = webApi3;
			productName = webApi3;
			productReference = 753EED641B0D0D1600DAD16B /* webApi3.app */;
			productType = "com.apple.product-type.application";
		};
		753EED781B0D0D1600DAD16B /* webApi3Tests */ = {
			isa = PBXNativeTarget;
			buildConfigurationList = 753EED861B0D0D1600DAD16B /* Build configuration list for PBXNativeTarget "webApi3Tests" */;
			buildPhases = (
				753EED751B0D0D1600DAD16B /* Sources */,
				753EED761B0D0D1600DAD16B /* Frameworks */,
				753EED771B0D0D1600DAD16B /* Resources */,
			);
			buildRules = (
			);
			dependencies = (
				753EED7B1B0D0D1600DAD16B /* PBXTargetDependency */,
			);
			name = webApi3Tests;
			productName = webApi3Tests;
			productReference = 753EED791B0D0D1600DAD16B /* webApi3Tests.xctest */;
			productType = "com.apple.product-type.bundle.unit-test";
		};
/* End PBXNativeTarget section */

/* Begin PBXProject section */
		753EED5C1B0D0D1600DAD16B /* Project object */ = {
			isa = PBXProject;
			attributes = {
				LastUpgradeCheck = 0610;
				ORGANIZATIONNAME = internet;
				TargetAttributes = {
					753EED631B0D0D1600DAD16B = {
						CreatedOnToolsVersion = 6.1.1;
					};
					753EED781B0D0D1600DAD16B = {
						CreatedOnToolsVersion = 6.1.1;
						TestTargetID = 753EED631B0D0D1600DAD16B;
					};
				};
			};
			buildConfigurationList = 753EED5F1B0D0D1600DAD16B /* Build configuration list for PBXProject "webApi3" */;
			compatibilityVersion = "Xcode 3.2";
			developmentRegion = English;
			hasScannedForEncodings = 0;
			knownRegions = (
				en,
				Base,
			);
			mainGroup = 753EED5B1B0D0D1600DAD16B;
			productRefGroup = 753EED651B0D0D1600DAD16B /* Products */;
			projectDirPath = "";
			projectRoot = "";
			targets = (
				753EED631B0D0D1600DAD16B /* webApi3 */,
				753EED781B0D0D1600DAD16B /* webApi3Tests */,
			);
		};
/* End PBXProject section */

/* Begin PBXResourcesBuildPhase section */
		753EED621B0D0D1600DAD16B /* Resources */ = {
			isa = PBXResourcesBuildPhase;
			buildActionMask = 2147483647;
			files = (
				753EED6F1B0D0D1600DAD16B /* Main.storyboard in Resources */,
				753EED741B0D0D1600DAD16B /* LaunchScreen.xib in Resources */,
				753EED711B0D0D1600DAD16B /* Images.xcassets in Resources */,
			);
			runOnlyForDeploymentPostprocessing = 0;
		};
		753EED771B0D0D1600DAD16B /* Resources */ = {
			isa = PBXResourcesBuildPhase;
			buildActionMask = 2147483647;
			files = (
			);
			runOnlyForDeploymentPostprocessing = 0;
		};
/* End PBXResourcesBuildPhase section */

/* Begin PBXShellScriptBuildPhase section */
		3E08789FEB9C44A7C3A52FEC /* Check Pods Manifest.lock */ = {
			isa = PBXShellScriptBuildPhase;
			buildActionMask = 2147483647;
			files = (
			);
			inputPaths = (
			);
			name = "Check Pods Manifest.lock";
			outputPaths = (
			);
			runOnlyForDeploymentPostprocessing = 0;
			shellPath = /bin/sh;
			shellScript = "diff \"${PODS_ROOT}/../Podfile.lock\" \"${PODS_ROOT}/Manifest.lock\" > /dev/null\nif [[ $? != 0 ]] ; then\n    cat << EOM\nerror: The sandbox is not in sync with the Podfile.lock. Run 'pod install' or update your CocoaPods installation.\nEOM\n    exit 1\nfi\n";
			showEnvVarsInLog = 0;
		};
		437BA9B6B4AFC7402D96B71D /* Copy Pods Resources */ = {
			isa = PBXShellScriptBuildPhase;
			buildActionMask = 2147483647;
			files = (
			);
			inputPaths = (
			);
			name = "Copy Pods Resources";
			outputPaths = (
			);
			runOnlyForDeploymentPostprocessing = 0;
			shellPath = /bin/sh;
			shellScript = "\"${SRCROOT}/Pods/Target Support Files/Pods/Pods-resources.sh\"\n";
			showEnvVarsInLog = 0;
		};
		994FE3E4DA494E92A8518123 /* Embed Pods Frameworks */ = {
			isa = PBXShellScriptBuildPhase;
			buildActionMask = 2147483647;
			files = (
			);
			inputPaths = (
			);
			name = "Embed Pods Frameworks";
			outputPaths = (
			);
			runOnlyForDeploymentPostprocessing = 0;
			shellPath = /bin/sh;
			shellScript = "\"${SRCROOT}/Pods/Target Support Files/Pods/Pods-frameworks.sh\"\n";
			showEnvVarsInLog = 0;
		};
/* End PBXShellScriptBuildPhase section */

/* Begin PBXSourcesBuildPhase section */
		753EED601B0D0D1600DAD16B /* Sources */ = {
			isa = PBXSourcesBuildPhase;
			buildActionMask = 2147483647;
			files = (
				753EED6C1B0D0D1600DAD16B /* ViewController.swift in Sources */,
				755C5DC71B0EC4A400C8E335 /* Parking.swift in Sources */,
				75DBE7A81B10ECA4009E8050 /* Parser.swift in Sources */,
				755C5DC91B0EF17300C8E335 /* Localization.swift in Sources */,
				753EED6A1B0D0D1600DAD16B /* AppDelegate.swift in Sources */,
			);
			runOnlyForDeploymentPostprocessing = 0;
		};
		753EED751B0D0D1600DAD16B /* Sources */ = {
			isa = PBXSourcesBuildPhase;
			buildActionMask = 2147483647;
			files = (
				753EED801B0D0D1600DAD16B /* webApi3Tests.swift in Sources */,
			);
			runOnlyForDeploymentPostprocessing = 0;
		};
/* End PBXSourcesBuildPhase section */

/* Begin PBXTargetDependency section */
		753EED7B1B0D0D1600DAD16B /* PBXTargetDependency */ = {
			isa = PBXTargetDependency;
			target = 753EED631B0D0D1600DAD16B /* webApi3 */;
			targetProxy = 753EED7A1B0D0D1600DAD16B /* PBXContainerItemProxy */;
		};
/* End PBXTargetDependency section */

/* Begin PBXVariantGroup section */
		753EED6D1B0D0D1600DAD16B /* Main.storyboard */ = {
			isa = PBXVariantGroup;
			children = (
				753EED6E1B0D0D1600DAD16B /* Base */,
			);
			name = Main.storyboard;
			sourceTree = "<group>";
		};
		753EED721B0D0D1600DAD16B /* LaunchScreen.xib */ = {
			isa = PBXVariantGroup;
			children = (
				753EED731B0D0D1600DAD16B /* Base */,
			);
			name = LaunchScreen.xib;
			sourceTree = "<group>";
		};
/* End PBXVariantGroup section */

/* Begin XCBuildConfiguration section */
		753EED811B0D0D1600DAD16B /* Debug */ = {
			isa = XCBuildConfiguration;
			buildSettings = {
				ALWAYS_SEARCH_USER_PATHS = NO;
				CLANG_CXX_LANGUAGE_STANDARD = "gnu++0x";
				CLANG_CXX_LIBRARY = "libc++";
				CLANG_ENABLE_MODULES = YES;
				CLANG_ENABLE_OBJC_ARC = YES;
				CLANG_WARN_BOOL_CONVERSION = YES;
				CLANG_WARN_CONSTANT_CONVERSION = YES;
				CLANG_WARN_DIRECT_OBJC_ISA_USAGE = YES_ERROR;
				CLANG_WARN_EMPTY_BODY = YES;
				CLANG_WARN_ENUM_CONVERSION = YES;
				CLANG_WARN_INT_CONVERSION = YES;
				CLANG_WARN_OBJC_ROOT_CLASS = YES_ERROR;
				CLANG_WARN_UNREACHABLE_CODE = YES;
				CLANG_WARN__DUPLICATE_METHOD_MATCH = YES;
				"CODE_SIGN_IDENTITY[sdk=iphoneos*]" = "iPhone Developer";
				COPY_PHASE_STRIP = NO;
				ENABLE_STRICT_OBJC_MSGSEND = YES;
				GCC_C_LANGUAGE_STANDARD = gnu99;
				GCC_DYNAMIC_NO_PIC = NO;
				GCC_OPTIMIZATION_LEVEL = 0;
				GCC_PREPROCESSOR_DEFINITIONS = (
					"DEBUG=1",
					"$(inherited)",
				);
				GCC_SYMBOLS_PRIVATE_EXTERN = NO;
				GCC_WARN_64_TO_32_BIT_CONVERSION = YES;
				GCC_WARN_ABOUT_RETURN_TYPE = YES_ERROR;
				GCC_WARN_UNDECLARED_SELECTOR = YES;
				GCC_WARN_UNINITIALIZED_AUTOS = YES_AGGRESSIVE;
				GCC_WARN_UNUSED_FUNCTION = YES;
				GCC_WARN_UNUSED_VARIABLE = YES;
				IPHONEOS_DEPLOYMENT_TARGET = 8.1;
				MTL_ENABLE_DEBUG_INFO = YES;
				ONLY_ACTIVE_ARCH = YES;
				SDKROOT = iphoneos;
				SWIFT_OPTIMIZATION_LEVEL = "-Onone";
			};
			name = Debug;
		};
		753EED821B0D0D1600DAD16B /* Release */ = {
			isa = XCBuildConfiguration;
			buildSettings = {
				ALWAYS_SEARCH_USER_PATHS = NO;
				CLANG_CXX_LANGUAGE_STANDARD = "gnu++0x";
				CLANG_CXX_LIBRARY = "libc++";
				CLANG_ENABLE_MODULES = YES;
				CLANG_ENABLE_OBJC_ARC = YES;
				CLANG_WARN_BOOL_CONVERSION = YES;
				CLANG_WARN_CONSTANT_CONVERSION = YES;
				CLANG_WARN_DIRECT_OBJC_ISA_USAGE = YES_ERROR;
				CLANG_WARN_EMPTY_BODY = YES;
				CLANG_WARN_ENUM_CONVERSION = YES;
				CLANG_WARN_INT_CONVERSION = YES;
				CLANG_WARN_OBJC_ROOT_CLASS = YES_ERROR;
				CLANG_WARN_UNREACHABLE_CODE = YES;
				CLANG_WARN__DUPLICATE_METHOD_MATCH = YES;
				"CODE_SIGN_IDENTITY[sdk=iphoneos*]" = "iPhone Developer";
				COPY_PHASE_STRIP = YES;
				ENABLE_NS_ASSERTIONS = NO;
				ENABLE_STRICT_OBJC_MSGSEND = YES;
				GCC_C_LANGUAGE_STANDARD = gnu99;
				GCC_WARN_64_TO_32_BIT_CONVERSION = YES;
				GCC_WARN_ABOUT_RETURN_TYPE = YES_ERROR;
				GCC_WARN_UNDECLARED_SELECTOR = YES;
				GCC_WARN_UNINITIALIZED_AUTOS = YES_AGGRESSIVE;
				GCC_WARN_UNUSED_FUNCTION = YES;
				GCC_WARN_UNUSED_VARIABLE = YES;
				IPHONEOS_DEPLOYMENT_TARGET = 8.1;
				MTL_ENABLE_DEBUG_INFO = NO;
				SDKROOT = iphoneos;
				VALIDATE_PRODUCT = YES;
			};
			name = Release;
		};
		753EED841B0D0D1600DAD16B /* Debug */ = {
			isa = XCBuildConfiguration;
			baseConfigurationReference = 6610C51217EB47EAB86247DA /* Pods.debug.xcconfig */;
			buildSettings = {
				ASSETCATALOG_COMPILER_APPICON_NAME = AppIcon;
				INFOPLIST_FILE = webApi3/Info.plist;
				LD_RUNPATH_SEARCH_PATHS = "$(inherited) @executable_path/Frameworks";
				PRODUCT_NAME = "$(TARGET_NAME)";
			};
			name = Debug;
		};
		753EED851B0D0D1600DAD16B /* Release */ = {
			isa = XCBuildConfiguration;
			baseConfigurationReference = BB7DEA554533576243BA3CC3 /* Pods.release.xcconfig */;
			buildSettings = {
				ASSETCATALOG_COMPILER_APPICON_NAME = AppIcon;
				INFOPLIST_FILE = webApi3/Info.plist;
				LD_RUNPATH_SEARCH_PATHS = "$(inherited) @executable_path/Frameworks";
				PRODUCT_NAME = "$(TARGET_NAME)";
			};
			name = Release;
		};
		753EED871B0D0D1600DAD16B /* Debug */ = {
			isa = XCBuildConfiguration;
			buildSettings = {
				BUNDLE_LOADER = "$(TEST_HOST)";
				FRAMEWORK_SEARCH_PATHS = (
					"$(SDKROOT)/Developer/Library/Frameworks",
					"$(inherited)",
				);
				GCC_PREPROCESSOR_DEFINITIONS = (
					"DEBUG=1",
					"$(inherited)",
				);
				INFOPLIST_FILE = webApi3Tests/Info.plist;
				LD_RUNPATH_SEARCH_PATHS = "$(inherited) @executable_path/Frameworks @loader_path/Frameworks";
				PRODUCT_NAME = "$(TARGET_NAME)";
				TEST_HOST = "$(BUILT_PRODUCTS_DIR)/webApi3.app/webApi3";
			};
			name = Debug;
		};
		753EED881B0D0D1600DAD16B /* Release */ = {
			isa = XCBuildConfiguration;
			buildSettings = {
				BUNDLE_LOADER = "$(TEST_HOST)";
				FRAMEWORK_SEARCH_PATHS = (
					"$(SDKROOT)/Developer/Library/Frameworks",
					"$(inherited)",
				);
				INFOPLIST_FILE = webApi3Tests/Info.plist;
				LD_RUNPATH_SEARCH_PATHS = "$(inherited) @executable_path/Frameworks @loader_path/Frameworks";
				PRODUCT_NAME = "$(TARGET_NAME)";
				TEST_HOST = "$(BUILT_PRODUCTS_DIR)/webApi3.app/webApi3";
			};
			name = Release;
		};
/* End XCBuildConfiguration section */

/* Begin XCConfigurationList section */
		753EED5F1B0D0D1600DAD16B /* Build configuration list for PBXProject "webApi3" */ = {
			isa = XCConfigurationList;
			buildConfigurations = (
				753EED811B0D0D1600DAD16B /* Debug */,
				753EED821B0D0D1600DAD16B /* Release */,
			);
			defaultConfigurationIsVisible = 0;
			defaultConfigurationName = Release;
		};
		753EED831B0D0D1600DAD16B /* Build configuration list for PBXNativeTarget "webApi3" */ = {
			isa = XCConfigurationList;
			buildConfigurations = (
				753EED841B0D0D1600DAD16B /* Debug */,
				753EED851B0D0D1600DAD16B /* Release */,
			);
			defaultConfigurationIsVisible = 0;
			defaultConfigurationName = Release;
		};
		753EED861B0D0D1600DAD16B /* Build configuration list for PBXNativeTarget "webApi3Tests" */ = {
			isa = XCConfigurationList;
			buildConfigurations = (
				753EED871B0D0D1600DAD16B /* Debug */,
				753EED881B0D0D1600DAD16B /* Release */,
			);
			defaultConfigurationIsVisible = 0;
			defaultConfigurationName = Release;
		};
/* End XCConfigurationList section */
	};
	rootObject = 753EED5C1B0D0D1600DAD16B /* Project object */;
}
